
Microsoft Visual Studio Solution File, Format Version 12.00
# Visual Studio Version 16
VisualStudioVersion = 16.0.31410.357
MinimumVisualStudioVersion = 10.0.40219.1
Project("{FAE04EC0-301F-11D3-BF4B-00C04F79EFBC}") = "FastFood_management1", "FastFood_management1.csproj", "{36F8BDE7-4E8C-49DE-A247-DF22A4E86457}"
EndProject
Global
	GlobalSection(SolutionConfigurationPlatforms) = preSolution
		Debug|Any CPU = Debug|Any CPU
		Release|Any CPU = Release|Any CPU
	EndGlobalSection
	GlobalSection(ProjectConfigurationPlatforms) = postSolution
		{36F8BDE7-4E8C-49DE-A247-DF22A4E86457}.Debug|Any CPU.ActiveCfg = Debug|Any CPU
		{36F8BDE7-4E8C-49DE-A247-DF22A4E86457}.Debug|Any CPU.Build.0 = Debug|Any CPU
		{36F8BDE7-4E8C-49DE-A247-DF22A4E86457}.Release|Any CPU.ActiveCfg = Release|Any CPU
		{36F8BDE7-4E8C-49DE-A247-DF22A4E86457}.Release|Any CPU.Build.0 = Release|Any CPU
	EndGlobalSection
	GlobalSection(SolutionProperties) = preSolution
		HideSolutionNode = FALSE
	EndGlobalSection
	GlobalSection(ExtensibilityGlobals) = postSolution
		SolutionGuid = {5B116C7D-230D-49D5-B61A-2E801A78DF38}
	EndGlobalSection
EndGlobal
